
Microsoft Visual Studio Solution File, Format Version 12.00
# Visual Studio Version 16
VisualStudioVersion = 16.0.31025.194
MinimumVisualStudioVersion = 10.0.40219.1
Project("{8BC9CEB8-8B4A-11D0-8D11-00A0C91BC942}") = "solution", "solution.vcxproj", "{07756CDB-487C-481D-9E8F-2968FD113A52}"
EndProject
Global
	GlobalSection(SolutionConfigurationPlatforms) = preSolution
		Debug|x64 = Debug|x64
		Debug|x86 = Debug|x86
		Release|x64 = Release|x64
		Release|x86 = Release|x86
	EndGlobalSection
	GlobalSection(ProjectConfigurationPlatforms) = postSolution
		{07756CDB-487C-481D-9E8F-2968FD113A52}.Debug|x64.ActiveCfg = Debug|x64
		{07756CDB-487C-481D-9E8F-2968FD113A52}.Debug|x64.Build.0 = Debug|x64
		{07756CDB-487C-481D-9E8F-2968FD113A52}.Debug|x86.ActiveCfg = Debug|Win32
		{07756CDB-487C-481D-9E8F-2968FD113A52}.Debug|x86.Build.0 = Debug|Win32
		{07756CDB-487C-481D-9E8F-2968FD113A52}.Release|x64.ActiveCfg = Release|x64
		{07756CDB-487C-481D-9E8F-2968FD113A52}.Release|x64.Build.0 = Release|x64
		{07756CDB-487C-481D-9E8F-2968FD113A52}.Release|x86.ActiveCfg = Release|Win32
		{07756CDB-487C-481D-9E8F-2968FD113A52}.Release|x86.Build.0 = Release|Win32
	EndGlobalSection
	GlobalSection(SolutionProperties) = preSolution
		HideSolutionNode = FALSE
	EndGlobalSection
	GlobalSection(ExtensibilityGlobals) = postSolution
		SolutionGuid = {968C662D-C468-4D34-B4D9-D36037928E17}
	EndGlobalSection
EndGlobal
